{
  "name": "renovate-semver-test",
  "version": "0.0.1",
  "lockfileVersion": 3,
  "requires": true,
  "packages": {
    "": {
      "name": "renovate-semver-test",
      "version": "0.0.1",
      "dependencies": {
        "@types/semver": "^7.3.0",
        "semver": "^7.5.2"
      }
    },
    "node_modules/@types/node": {
      "version": "20.4.2",
      "resolved": "https://registry.npmjs.org/@types/node/-/node-20.4.2.tgz",
      "integrity": "sha512-Dd0BYtWgnWJKwO1jkmTrzofjK2QXXcai0dmtzvIBhcA+RsG5h8R3xlyta0kGOZRNfL9GuRtb1knmPEhQrePCEw=="
    },
    "node_modules/@types/semver": {
      "version": "7.3.0",
      "resolved": "https://registry.npmjs.org/@types/semver/-/semver-7.3.0.tgz",
      "integrity": "sha512-tZXznf+e/B9vRK8NO5CRWhkQwi323mhMsMvIZDK+r1WpHPbK+BS7F8NYaUBv9kwTzmc0kZO7qI870It79VfS9A==",
      "dependencies": {
        "@types/node": "*"
      }
    },
    "node_modules/lru-cache": {
      "version": "6.0.0",
      "resolved": "https://registry.npmjs.org/lru-cache/-/lru-cache-6.0.0.tgz",
      "integrity": "sha512-Jo6dJ04CmSjuznwJSS3pUeWmd/H0ffTlkXXgwZi+eq1UCmqQwCh+eLsYOYCwY991i2Fah4h1BEMCx4qThGbsiA==",
      "dependencies": {
        "yallist": "^4.0.0"
      },
      "engines": {
        "node": ">=10"
      }
    },
    "node_modules/semver": {
      "version": "7.5.2",
      "resolved": "https://registry.npmjs.org/semver/-/semver-7.5.2.tgz",
      "integrity": "sha512-SoftuTROv/cRjCze/scjGyiDtcUyxw1rgYQSZY7XTmtR5hX+dm76iDbTH8TkLPHCQmlbQVSSbNZCPM2hb0knnQ==",
      "dependencies": {
        "lru-cache": "^6.0.0"
      },
      "bin": {
        "semver": "bin/semver.js"
      },
      "engines": {
        "node": ">=10"
      }
    },
    "node_modules/yallist": {
      "version": "4.0.0",
      "resolved": "https://registry.npmjs.org/yallist/-/yallist-4.0.0.tgz",
      "integrity": "sha512-3wdGidZyq5PB084XLES5TpOSRA3wjXAlIWMhum2kRcv/41Sn2emQ0dycQW4uZXLejwKvg6EsvbdlVL+FYEct7A=="
    }
  }
}
