{
  "name": "renovate-semver-test",
  "version": "0.0.1",
  "lockfileVersion": 3,
  "requires": true,
  "packages": {
    "": {
      "name": "renovate-semver-test",
      "version": "0.0.1",
      "dependencies": {
        "@types/semver": "^7.3.0",
        "semver": "^7.3.0"
      }
    },
    "node_modules/@types/node": {
      "version": "20.4.2",
      "resolved": "https://registry.npmjs.org/@types/node/-/node-20.4.2.tgz",
      "integrity": "sha512-Dd0BYtWgnWJKwO1jkmTrzofjK2QXXcai0dmtzvIBhcA+RsG5h8R3xlyta0kGOZRNfL9GuRtb1knmPEhQrePCEw=="
    },
    "node_modules/@types/semver": {
      "version": "7.3.0",
      "resolved": "https://registry.npmjs.org/@types/semver/-/semver-7.3.0.tgz",
      "integrity": "sha512-tZXznf+e/B9vRK8NO5CRWhkQwi323mhMsMvIZDK+r1WpHPbK+BS7F8NYaUBv9kwTzmc0kZO7qI870It79VfS9A==",
      "dependencies": {
        "@types/node": "*"
      }
    },
    "node_modules/semver": {
      "version": "7.3.0",
      "resolved": "https://registry.npmjs.org/semver/-/semver-7.3.0.tgz",
      "integrity": "sha512-uyvgU/igkrMgNHwLgXvlpD9jEADbJhB0+JXSywoO47JgJ6c16iau9F9cjtc/E5o0PoqRYTiTIAPRKaYe84z6eQ==",
      "bin": {
        "semver": "bin/semver.js"
      },
      "engines": {
        "node": ">=10"
      }
    }
  }
}
