{
  "name": "renovate-semver-test",
  "version": "0.0.1",
  "lockfileVersion": 3,
  "requires": true,
  "packages": {
    "": {
      "name": "renovate-semver-test",
      "version": "0.0.1",
      "dependencies": {
        "@types/semver": "^7.5.0",
        "semver": "^7.3.0"
      }
    },
    "node_modules/@types/semver": {
      "version": "7.5.0",
      "resolved": "https://registry.npmjs.org/@types/semver/-/semver-7.5.0.tgz",
      "integrity": "sha512-G8hZ6XJiHnuhQKR7ZmysCeJWE08o8T0AXtk5darsCaTVsYZhhgUrq53jizaR2FvsoeCwJhlmwTjkXBY5Pn/ZHw=="
    },
    "node_modules/semver": {
      "version": "7.3.0",
      "resolved": "https://registry.npmjs.org/semver/-/semver-7.3.0.tgz",
      "integrity": "sha512-uyvgU/igkrMgNHwLgXvlpD9jEADbJhB0+JXSywoO47JgJ6c16iau9F9cjtc/E5o0PoqRYTiTIAPRKaYe84z6eQ==",
      "bin": {
        "semver": "bin/semver.js"
      },
      "engines": {
        "node": ">=10"
      }
    }
  }
}
